// !$*UTF8*$!
{
	archiveVersion = 1;
	classes = {
	};
	objectVersion = 54;
	objects = {

/* Begin PBXBuildFile section */
		13B07FBF1A68108700A75B9A /* Images.xcassets in Resources */ = {isa = PBXBuildFile; fileRef = 13B07FB51A68108700A75B9A /* Images.xcassets */; };
		241133B006A6E5EDE3024896 /* libPods-CueCommXMobile.a in Frameworks */ = {isa = PBXBuildFile; fileRef = 4DE54A4E979A41310F35C59A /* libPods-CueCommXMobile.a */; };
		3E461D99554A48A4959DE609 /* SplashScreen.storyboard in Resources */ = {isa = PBXBuildFile; fileRef = AA286B85B6C04FC6940260E9 /* SplashScreen.storyboard */; };
		5CFB0DBC39268EAFCD68B0B7 /* AudioRouterModule.m in Sources */ = {isa = PBXBuildFile; fileRef = CDB899703F9AEF8CAE39B88A /* AudioRouterModule.m */; };
		5E2F5301D0077CB6695FAF34 /* PrivacyInfo.xcprivacy in Resources */ = {isa = PBXBuildFile; fileRef = 2DD4774B0ED8C9FE79C35413 /* PrivacyInfo.xcprivacy */; };
		BB2F792D24A3F905000567C9 /* Expo.plist in Resources */ = {isa = PBXBuildFile; fileRef = BB2F792C24A3F905000567C9 /* Expo.plist */; };
		BB9B01FCF33CC5A556A23147 /* ExpoModulesProvider.swift in Sources */ = {isa = PBXBuildFile; fileRef = E0BEB8A7F2279F7B6D42719A /* ExpoModulesProvider.swift */; };
		F11748422D0307B40044C1D9 /* AppDelegate.swift in Sources */ = {isa = PBXBuildFile; fileRef = F11748412D0307B40044C1D9 /* AppDelegate.swift */; };
		9CE2E24524A64A2BADE12D25 /* CueCommXLiveActivity.appex in Copy Files */ = {isa = PBXBuildFile; fileRef = 4CBE246CF7114A5DB4F2D47F /* CueCommXLiveActivity.appex */; };
		AE17089926AA461B9ABF45E9 /* CueCommXLiveActivityAttributes.swift in Sources */ = {isa = PBXBuildFile; fileRef = 765BC6022B444E7283AEFEDD /* CueCommXLiveActivityAttributes.swift */; };
		6884FBA34B014AA4A14D2BE3 /* CueCommXLiveActivityWidget.swift in Sources */ = {isa = PBXBuildFile; fileRef = 25AC069D47844F5693B5CE7E /* CueCommXLiveActivityWidget.swift */; };
		BC550789A05143D48E41AA90 /* CueCommXLiveActivityBundle.swift in Sources */ = {isa = PBXBuildFile; fileRef = 76A6B92A16DD43DCBE97CA17 /* CueCommXLiveActivityBundle.swift */; };
		C29182D1960F45E4B3E47937 /* ToggleTalkIntent.swift in Sources */ = {isa = PBXBuildFile; fileRef = 71B1889B64F44B349E1A85EE /* ToggleTalkIntent.swift */; };
/* End PBXBuildFile section */

/* Begin PBXFileReference section */
		13B07F961A680F5B00A75B9A /* CueCommXMobile.app */ = {isa = PBXFileReference; explicitFileType = wrapper.application; includeInIndex = 0; path = CueCommXMobile.app; sourceTree = BUILT_PRODUCTS_DIR; };
		13B07FB51A68108700A75B9A /* Images.xcassets */ = {isa = PBXFileReference; lastKnownFileType = folder.assetcatalog; name = Images.xcassets; path = CueCommXMobile/Images.xcassets; sourceTree = "<group>"; };
		13B07FB61A68108700A75B9A /* Info.plist */ = {isa = PBXFileReference; fileEncoding = 4; lastKnownFileType = text.plist.xml; name = Info.plist; path = CueCommXMobile/Info.plist; sourceTree = "<group>"; };
		27EF3C82693C99086BDCC34F /* Pods-CueCommXMobile.release.xcconfig */ = {isa = PBXFileReference; includeInIndex = 1; lastKnownFileType = text.xcconfig; name = "Pods-CueCommXMobile.release.xcconfig"; path = "Target Support Files/Pods-CueCommXMobile/Pods-CueCommXMobile.release.xcconfig"; sourceTree = "<group>"; };
		2DD4774B0ED8C9FE79C35413 /* PrivacyInfo.xcprivacy */ = {isa = PBXFileReference; includeInIndex = 1; lastKnownFileType = text.xml; name = PrivacyInfo.xcprivacy; path = CueCommXMobile/PrivacyInfo.xcprivacy; sourceTree = "<group>"; };
		4DE54A4E979A41310F35C59A /* libPods-CueCommXMobile.a */ = {isa = PBXFileReference; explicitFileType = archive.ar; includeInIndex = 0; path = "libPods-CueCommXMobile.a"; sourceTree = BUILT_PRODUCTS_DIR; };
		AA286B85B6C04FC6940260E9 /* SplashScreen.storyboard */ = {isa = PBXFileReference; fileEncoding = 4; lastKnownFileType = file.storyboard; name = SplashScreen.storyboard; path = CueCommXMobile/SplashScreen.storyboard; sourceTree = "<group>"; };
		BB2F792C24A3F905000567C9 /* Expo.plist */ = {isa = PBXFileReference; fileEncoding = 4; lastKnownFileType = text.plist.xml; path = Expo.plist; sourceTree = "<group>"; };
		CDB899703F9AEF8CAE39B88A /* AudioRouterModule.m */ = {isa = PBXFileReference; includeInIndex = 1; lastKnownFileType = sourcecode.c.objc; name = AudioRouterModule.m; path = CueCommXMobile/AudioRouterModule.m; sourceTree = "<group>"; };
		E0BEB8A7F2279F7B6D42719A /* ExpoModulesProvider.swift */ = {isa = PBXFileReference; includeInIndex = 1; lastKnownFileType = sourcecode.swift; name = ExpoModulesProvider.swift; path = "Pods/Target Support Files/Pods-CueCommXMobile/ExpoModulesProvider.swift"; sourceTree = "<group>"; };
		ED297162215061F000B7C4FE /* JavaScriptCore.framework */ = {isa = PBXFileReference; lastKnownFileType = wrapper.framework; name = JavaScriptCore.framework; path = System/Library/Frameworks/JavaScriptCore.framework; sourceTree = SDKROOT; };
		F11748412D0307B40044C1D9 /* AppDelegate.swift */ = {isa = PBXFileReference; lastKnownFileType = sourcecode.swift; name = AppDelegate.swift; path = CueCommXMobile/AppDelegate.swift; sourceTree = "<group>"; };
		F11748442D0722820044C1D9 /* CueCommXMobile-Bridging-Header.h */ = {isa = PBXFileReference; lastKnownFileType = sourcecode.c.h; name = "CueCommXMobile-Bridging-Header.h"; path = "CueCommXMobile/CueCommXMobile-Bridging-Header.h"; sourceTree = "<group>"; };
		F84546FF39FA61B55AA0AC8B /* AudioRouterModule.h */ = {isa = PBXFileReference; includeInIndex = 1; lastKnownFileType = sourcecode.c.h; name = AudioRouterModule.h; path = CueCommXMobile/AudioRouterModule.h; sourceTree = "<group>"; };
		FD64F9DEC3E8AE641B2D4B10 /* Pods-CueCommXMobile.debug.xcconfig */ = {isa = PBXFileReference; includeInIndex = 1; lastKnownFileType = text.xcconfig; name = "Pods-CueCommXMobile.debug.xcconfig"; path = "Target Support Files/Pods-CueCommXMobile/Pods-CueCommXMobile.debug.xcconfig"; sourceTree = "<group>"; };
		4CBE246CF7114A5DB4F2D47F /* CueCommXLiveActivity.appex */ = {isa = PBXFileReference; name = "CueCommXLiveActivity.appex"; path = "CueCommXLiveActivity.appex"; sourceTree = BUILT_PRODUCTS_DIR; fileEncoding = undefined; lastKnownFileType = undefined; explicitFileType = "wrapper.app-extension"; includeInIndex = 0; };
		765BC6022B444E7283AEFEDD /* CueCommXLiveActivityAttributes.swift */ = {isa = PBXFileReference; lastKnownFileType = sourcecode.swift; name = "CueCommXLiveActivityAttributes.swift"; path = "CueCommXLiveActivity/CueCommXLiveActivityAttributes.swift"; sourceTree = "<group>"; };
		25AC069D47844F5693B5CE7E /* CueCommXLiveActivityWidget.swift */ = {isa = PBXFileReference; lastKnownFileType = sourcecode.swift; name = "CueCommXLiveActivityWidget.swift"; path = "CueCommXLiveActivity/CueCommXLiveActivityWidget.swift"; sourceTree = "<group>"; };
		76A6B92A16DD43DCBE97CA17 /* CueCommXLiveActivityBundle.swift */ = {isa = PBXFileReference; lastKnownFileType = sourcecode.swift; name = "CueCommXLiveActivityBundle.swift"; path = "CueCommXLiveActivity/CueCommXLiveActivityBundle.swift"; sourceTree = "<group>"; };
		71B1889B64F44B349E1A85EE /* ToggleTalkIntent.swift */ = {isa = PBXFileReference; lastKnownFileType = sourcecode.swift; name = "ToggleTalkIntent.swift"; path = "CueCommXLiveActivity/ToggleTalkIntent.swift"; sourceTree = "<group>"; };
/* End PBXFileReference section */

/* Begin PBXFrameworksBuildPhase section */
		13B07F8C1A680F5B00A75B9A /* Frameworks */ = {
			isa = PBXFrameworksBuildPhase;
			buildActionMask = 2147483647;
			files = (
				241133B006A6E5EDE3024896 /* libPods-CueCommXMobile.a in Frameworks */,
			);
			runOnlyForDeploymentPostprocessing = 0;
		};
		3F5DC1B190A0490A9A501069 /* Frameworks */ = {
			isa = PBXFrameworksBuildPhase;
			buildActionMask = 2147483647;
			files = (
			);
			runOnlyForDeploymentPostprocessing = 0;
		};
/* End PBXFrameworksBuildPhase section */

/* Begin PBXGroup section */
		13B07FAE1A68108700A75B9A /* CueCommXMobile */ = {
			isa = PBXGroup;
			children = (
				F11748412D0307B40044C1D9 /* AppDelegate.swift */,
				F11748442D0722820044C1D9 /* CueCommXMobile-Bridging-Header.h */,
				BB2F792B24A3F905000567C9 /* Supporting */,
				13B07FB51A68108700A75B9A /* Images.xcassets */,
				13B07FB61A68108700A75B9A /* Info.plist */,
				AA286B85B6C04FC6940260E9 /* SplashScreen.storyboard */,
				2DD4774B0ED8C9FE79C35413 /* PrivacyInfo.xcprivacy */,
				F84546FF39FA61B55AA0AC8B /* AudioRouterModule.h */,
				CDB899703F9AEF8CAE39B88A /* AudioRouterModule.m */,
			);
			name = CueCommXMobile;
			sourceTree = "<group>";
		};
		2D16E6871FA4F8E400B85C8A /* Frameworks */ = {
			isa = PBXGroup;
			children = (
				ED297162215061F000B7C4FE /* JavaScriptCore.framework */,
				4DE54A4E979A41310F35C59A /* libPods-CueCommXMobile.a */,
			);
			name = Frameworks;
			sourceTree = "<group>";
		};
		832341AE1AAA6A7D00B99B32 /* Libraries */ = {
			isa = PBXGroup;
			children = (
			);
			name = Libraries;
			sourceTree = "<group>";
		};
		83CBB9F61A601CBA00E9B192 = {
			isa = PBXGroup;
			children = (
				13B07FAE1A68108700A75B9A /* CueCommXMobile */,
				832341AE1AAA6A7D00B99B32 /* Libraries */,
				83CBBA001A601CBA00E9B192 /* Products */,
				2D16E6871FA4F8E400B85C8A /* Frameworks */,
				B4CF6270BC8EC05C8552DB6C /* Pods */,
				A33088A26C9D7CA902929BA4 /* ExpoModulesProviders */,
			);
			indentWidth = 2;
			sourceTree = "<group>";
			tabWidth = 2;
			usesTabs = 0;
		};
		83CBBA001A601CBA00E9B192 /* Products */ = {
			isa = PBXGroup;
			children = (
				13B07F961A680F5B00A75B9A /* CueCommXMobile.app */,
				4CBE246CF7114A5DB4F2D47F /* CueCommXLiveActivity.appex */,
			);
			name = Products;
			sourceTree = "<group>";
		};
		A33088A26C9D7CA902929BA4 /* ExpoModulesProviders */ = {
			isa = PBXGroup;
			children = (
				EFA33C2403531FCE7829E106 /* CueCommXMobile */,
			);
			name = ExpoModulesProviders;
			sourceTree = "<group>";
		};
		B4CF6270BC8EC05C8552DB6C /* Pods */ = {
			isa = PBXGroup;
			children = (
				FD64F9DEC3E8AE641B2D4B10 /* Pods-CueCommXMobile.debug.xcconfig */,
				27EF3C82693C99086BDCC34F /* Pods-CueCommXMobile.release.xcconfig */,
			);
			path = Pods;
			sourceTree = "<group>";
		};
		BB2F792B24A3F905000567C9 /* Supporting */ = {
			isa = PBXGroup;
			children = (
				BB2F792C24A3F905000567C9 /* Expo.plist */,
			);
			name = Supporting;
			path = CueCommXMobile/Supporting;
			sourceTree = "<group>";
		};
		EFA33C2403531FCE7829E106 /* CueCommXMobile */ = {
			isa = PBXGroup;
			children = (
				E0BEB8A7F2279F7B6D42719A /* ExpoModulesProvider.swift */,
			);
			name = CueCommXMobile;
			sourceTree = "<group>";
		};
/* End PBXGroup section */

/* Begin PBXNativeTarget section */
		13B07F861A680F5B00A75B9A /* CueCommXMobile */ = {
			isa = PBXNativeTarget;
			buildConfigurationList = 13B07F931A680F5B00A75B9A /* Build configuration list for PBXNativeTarget "CueCommXMobile" */;
			buildPhases = (
				08A4A3CD28434E44B6B9DE2E /* [CP] Check Pods Manifest.lock */,
				8E385F85D7FC5E0FEFD6DB6F /* [Expo] Configure project */,
				13B07F871A680F5B00A75B9A /* Sources */,
				13B07F8C1A680F5B00A75B9A /* Frameworks */,
				13B07F8E1A680F5B00A75B9A /* Resources */,
				00DD1BFF1BD5951E006B06BC /* Bundle React Native code and images */,
				800E24972A6A228C8D4807E9 /* [CP] Copy Pods Resources */,
				ADFB2E4FAD8C7B836F501D2F /* [CP] Embed Pods Frameworks */,
				D22E61647F2D403AA3C949AB /* Copy Files */,
			);
			buildRules = (
			);
			dependencies = (
			);
			name = CueCommXMobile;
			productName = CueCommXMobile;
			productReference = 13B07F961A680F5B00A75B9A /* CueCommXMobile.app */;
			productType = "com.apple.product-type.application";
		};
		1A9454DC0867466AB778E36A /* "CueCommXLiveActivity" */ = {
			isa = PBXNativeTarget;
			name = "CueCommXLiveActivity";
			productName = "CueCommXLiveActivity";
			productReference = 4CBE246CF7114A5DB4F2D47F;
			productType = "com.apple.product-type.app-extension";
			buildConfigurationList = 4C51BDDA1D714AF9A6385965;
			buildPhases = (
				CB068ABCF6D5445FBB82B375 /* Sources */,
				3F5DC1B190A0490A9A501069 /* Frameworks */,
			);
			buildRules = (
			);
			dependencies = (
			);
		};
/* End PBXNativeTarget section */

/* Begin PBXProject section */
		83CBB9F71A601CBA00E9B192 /* Project object */ = {
			isa = PBXProject;
			attributes = {
				LastUpgradeCheck = 1130;
				TargetAttributes = {
					13B07F861A680F5B00A75B9A = {
						LastSwiftMigration = 1250;
					};
				};
			};
			buildConfigurationList = 83CBB9FA1A601CBA00E9B192 /* Build configuration list for PBXProject "CueCommXMobile" */;
			compatibilityVersion = "Xcode 3.2";
			developmentRegion = en;
			hasScannedForEncodings = 0;
			knownRegions = (
				en,
				Base,
			);
			mainGroup = 83CBB9F61A601CBA00E9B192;
			productRefGroup = 83CBBA001A601CBA00E9B192 /* Products */;
			projectDirPath = "";
			projectRoot = "";
			targets = (
				13B07F861A680F5B00A75B9A /* CueCommXMobile */,
				1A9454DC0867466AB778E36A /* "CueCommXLiveActivity" */,
			);
		};
/* End PBXProject section */

/* Begin PBXResourcesBuildPhase section */
		13B07F8E1A680F5B00A75B9A /* Resources */ = {
			isa = PBXResourcesBuildPhase;
			buildActionMask = 2147483647;
			files = (
				BB2F792D24A3F905000567C9 /* Expo.plist in Resources */,
				13B07FBF1A68108700A75B9A /* Images.xcassets in Resources */,
				3E461D99554A48A4959DE609 /* SplashScreen.storyboard in Resources */,
				5E2F5301D0077CB6695FAF34 /* PrivacyInfo.xcprivacy in Resources */,
			);
			runOnlyForDeploymentPostprocessing = 0;
		};
/* End PBXResourcesBuildPhase section */

/* Begin PBXShellScriptBuildPhase section */
		00DD1BFF1BD5951E006B06BC /* Bundle React Native code and images */ = {
			isa = PBXShellScriptBuildPhase;
			alwaysOutOfDate = 1;
			buildActionMask = 2147483647;
			files = (
			);
			inputPaths = (
				"$(SRCROOT)/.xcode.env",
				"$(SRCROOT)/.xcode.env.local",
			);
			name = "Bundle React Native code and images";
			outputPaths = (
			);
			runOnlyForDeploymentPostprocessing = 0;
			shellPath = /bin/sh;
			shellScript = "if [[ -f \"$PODS_ROOT/../.xcode.env\" ]]; then\n  source \"$PODS_ROOT/../.xcode.env\"\nfi\nif [[ -f \"$PODS_ROOT/../.xcode.env.local\" ]]; then\n  source \"$PODS_ROOT/../.xcode.env.local\"\nfi\n\n# The project root by default is one level up from the ios directory\nexport PROJECT_ROOT=\"$PROJECT_DIR\"/..\n\nif [[ \"$CONFIGURATION\" = *Debug* ]]; then\n  export SKIP_BUNDLING=1\nfi\nif [[ -z \"$ENTRY_FILE\" ]]; then\n  # Set the entry JS file using the bundler's entry resolution.\n  export ENTRY_FILE=\"$(\"$NODE_BINARY\" -e \"require('expo/scripts/resolveAppEntry')\" \"$PROJECT_ROOT\" ios absolute | tail -n 1)\"\nfi\n\nif [[ -z \"$CLI_PATH\" ]]; then\n  # Use Expo CLI\n  export CLI_PATH=\"$(\"$NODE_BINARY\" --print \"require.resolve('@expo/cli', { paths: [require.resolve('expo/package.json')] })\")\"\nfi\nif [[ -z \"$BUNDLE_COMMAND\" ]]; then\n  # Default Expo CLI command for bundling\n  export BUNDLE_COMMAND=\"export:embed\"\nfi\n\n# Source .xcode.env.updates if it exists to allow\n# SKIP_BUNDLING to be unset if needed\nif [[ -f \"$PODS_ROOT/../.xcode.env.updates\" ]]; then\n  source \"$PODS_ROOT/../.xcode.env.updates\"\nfi\n# Source local changes to allow overrides\n# if needed\nif [[ -f \"$PODS_ROOT/../.xcode.env.local\" ]]; then\n  source \"$PODS_ROOT/../.xcode.env.local\"\nfi\n\n`\"$NODE_BINARY\" --print \"require('path').dirname(require.resolve('react-native/package.json')) + '/scripts/react-native-xcode.sh'\"`\n\n";
		};
		08A4A3CD28434E44B6B9DE2E /* [CP] Check Pods Manifest.lock */ = {
			isa = PBXShellScriptBuildPhase;
			buildActionMask = 2147483647;
			files = (
			);
			inputFileListPaths = (
			);
			inputPaths = (
				"${PODS_PODFILE_DIR_PATH}/Podfile.lock",
				"${PODS_ROOT}/Manifest.lock",
			);
			name = "[CP] Check Pods Manifest.lock";
			outputFileListPaths = (
			);
			outputPaths = (
				"$(DERIVED_FILE_DIR)/Pods-CueCommXMobile-checkManifestLockResult.txt",
			);
			runOnlyForDeploymentPostprocessing = 0;
			shellPath = /bin/sh;
			shellScript = "diff \"${PODS_PODFILE_DIR_PATH}/Podfile.lock\" \"${PODS_ROOT}/Manifest.lock\" > /dev/null\nif [ $? != 0 ] ; then\n    # print error to STDERR\n    echo \"error: The sandbox is not in sync with the Podfile.lock. Run 'pod install' or update your CocoaPods installation.\" >&2\n    exit 1\nfi\n# This output is used by Xcode 'outputs' to avoid re-running this script phase.\necho \"SUCCESS\" > \"${SCRIPT_OUTPUT_FILE_0}\"\n";
			showEnvVarsInLog = 0;
		};
		800E24972A6A228C8D4807E9 /* [CP] Copy Pods Resources */ = {
			isa = PBXShellScriptBuildPhase;
			buildActionMask = 2147483647;
			files = (
			);
			inputPaths = (
				"${PODS_ROOT}/Target Support Files/Pods-CueCommXMobile/Pods-CueCommXMobile-resources.sh",
				"${PODS_CONFIGURATION_BUILD_DIR}/AsyncStorage/AsyncStorage_resources.bundle",
				"${PODS_CONFIGURATION_BUILD_DIR}/EXApplication/ExpoApplication_privacy.bundle",
				"${PODS_CONFIGURATION_BUILD_DIR}/EXConstants/EXConstants.bundle",
				"${PODS_CONFIGURATION_BUILD_DIR}/EXConstants/ExpoConstants_privacy.bundle",
				"${PODS_CONFIGURATION_BUILD_DIR}/EXNotifications/ExpoNotifications_privacy.bundle",
				"${PODS_CONFIGURATION_BUILD_DIR}/ExpoFileSystem/ExpoFileSystem_privacy.bundle",
				"${PODS_CONFIGURATION_BUILD_DIR}/React-Core/React-Core_privacy.bundle",
				"${PODS_CONFIGURATION_BUILD_DIR}/React-cxxreact/React-cxxreact_privacy.bundle",
				"${PODS_CONFIGURATION_BUILD_DIR}/expo-dev-launcher/EXDevLauncher.bundle",
				"${PODS_CONFIGURATION_BUILD_DIR}/expo-dev-menu/EXDevMenu.bundle",
			);
			name = "[CP] Copy Pods Resources";
			outputPaths = (
				"${TARGET_BUILD_DIR}/${UNLOCALIZED_RESOURCES_FOLDER_PATH}/AsyncStorage_resources.bundle",
				"${TARGET_BUILD_DIR}/${UNLOCALIZED_RESOURCES_FOLDER_PATH}/ExpoApplication_privacy.bundle",
				"${TARGET_BUILD_DIR}/${UNLOCALIZED_RESOURCES_FOLDER_PATH}/EXConstants.bundle",
				"${TARGET_BUILD_DIR}/${UNLOCALIZED_RESOURCES_FOLDER_PATH}/ExpoConstants_privacy.bundle",
				"${TARGET_BUILD_DIR}/${UNLOCALIZED_RESOURCES_FOLDER_PATH}/ExpoNotifications_privacy.bundle",
				"${TARGET_BUILD_DIR}/${UNLOCALIZED_RESOURCES_FOLDER_PATH}/ExpoFileSystem_privacy.bundle",
				"${TARGET_BUILD_DIR}/${UNLOCALIZED_RESOURCES_FOLDER_PATH}/React-Core_privacy.bundle",
				"${TARGET_BUILD_DIR}/${UNLOCALIZED_RESOURCES_FOLDER_PATH}/React-cxxreact_privacy.bundle",
				"${TARGET_BUILD_DIR}/${UNLOCALIZED_RESOURCES_FOLDER_PATH}/EXDevLauncher.bundle",
				"${TARGET_BUILD_DIR}/${UNLOCALIZED_RESOURCES_FOLDER_PATH}/EXDevMenu.bundle",
			);
			runOnlyForDeploymentPostprocessing = 0;
			shellPath = /bin/sh;
			shellScript = "\"${PODS_ROOT}/Target Support Files/Pods-CueCommXMobile/Pods-CueCommXMobile-resources.sh\"\n";
			showEnvVarsInLog = 0;
		};
		8E385F85D7FC5E0FEFD6DB6F /* [Expo] Configure project */ = {
			isa = PBXShellScriptBuildPhase;
			alwaysOutOfDate = 1;
			buildActionMask = 2147483647;
			files = (
			);
			inputFileListPaths = (
			);
			inputPaths = (
				"$(SRCROOT)/.xcode.env",
				"$(SRCROOT)/.xcode.env.local",
				"$(SRCROOT)/CueCommXMobile/CueCommXMobile.entitlements",
				"$(SRCROOT)/Pods/Target Support Files/Pods-CueCommXMobile/expo-configure-project.sh",
			);
			name = "[Expo] Configure project";
			outputFileListPaths = (
			);
			outputPaths = (
				"$(SRCROOT)/Pods/Target Support Files/Pods-CueCommXMobile/ExpoModulesProvider.swift",
			);
			runOnlyForDeploymentPostprocessing = 0;
			shellPath = /bin/sh;
			shellScript = "# This script configures Expo modules and generates the modules provider file.\nbash -l -c \"./Pods/Target\\ Support\\ Files/Pods-CueCommXMobile/expo-configure-project.sh\"\n";
		};
		ADFB2E4FAD8C7B836F501D2F /* [CP] Embed Pods Frameworks */ = {
			isa = PBXShellScriptBuildPhase;
			buildActionMask = 2147483647;
			files = (
			);
			inputPaths = (
				"${PODS_ROOT}/Target Support Files/Pods-CueCommXMobile/Pods-CueCommXMobile-frameworks.sh",
				"${PODS_XCFRAMEWORKS_BUILD_DIR}/JitsiWebRTC/WebRTC.framework/WebRTC",
				"${PODS_XCFRAMEWORKS_BUILD_DIR}/React-Core-prebuilt/React.framework/React",
				"${PODS_XCFRAMEWORKS_BUILD_DIR}/ReactNativeDependencies/ReactNativeDependencies.framework/ReactNativeDependencies",
				"${PODS_XCFRAMEWORKS_BUILD_DIR}/hermes-engine/Pre-built/hermes.framework/hermes",
			);
			name = "[CP] Embed Pods Frameworks";
			outputPaths = (
				"${TARGET_BUILD_DIR}/${FRAMEWORKS_FOLDER_PATH}/WebRTC.framework",
				"${TARGET_BUILD_DIR}/${FRAMEWORKS_FOLDER_PATH}/React.framework",
				"${TARGET_BUILD_DIR}/${FRAMEWORKS_FOLDER_PATH}/ReactNativeDependencies.framework",
				"${TARGET_BUILD_DIR}/${FRAMEWORKS_FOLDER_PATH}/hermes.framework",
			);
			runOnlyForDeploymentPostprocessing = 0;
			shellPath = /bin/sh;
			shellScript = "\"${PODS_ROOT}/Target Support Files/Pods-CueCommXMobile/Pods-CueCommXMobile-frameworks.sh\"\n";
			showEnvVarsInLog = 0;
		};
/* End PBXShellScriptBuildPhase section */

/* Begin PBXSourcesBuildPhase section */
		13B07F871A680F5B00A75B9A /* Sources */ = {
			isa = PBXSourcesBuildPhase;
			buildActionMask = 2147483647;
			files = (
				F11748422D0307B40044C1D9 /* AppDelegate.swift in Sources */,
				BB9B01FCF33CC5A556A23147 /* ExpoModulesProvider.swift in Sources */,
				5CFB0DBC39268EAFCD68B0B7 /* AudioRouterModule.m in Sources */,
			);
			runOnlyForDeploymentPostprocessing = 0;
		};
		CB068ABCF6D5445FBB82B375 /* Sources */ = {
			isa = PBXSourcesBuildPhase;
			buildActionMask = 2147483647;
			files = (
				AE17089926AA461B9ABF45E9 /* CueCommXLiveActivityAttributes.swift in Sources */,
				6884FBA34B014AA4A14D2BE3 /* CueCommXLiveActivityWidget.swift in Sources */,
				BC550789A05143D48E41AA90 /* CueCommXLiveActivityBundle.swift in Sources */,
				C29182D1960F45E4B3E47937 /* ToggleTalkIntent.swift in Sources */,
			);
			runOnlyForDeploymentPostprocessing = 0;
		};
/* End PBXSourcesBuildPhase section */

/* Begin XCBuildConfiguration section */
		13B07F941A680F5B00A75B9A /* Debug */ = {
			isa = XCBuildConfiguration;
			baseConfigurationReference = FD64F9DEC3E8AE641B2D4B10 /* Pods-CueCommXMobile.debug.xcconfig */;
			buildSettings = {
				ASSETCATALOG_COMPILER_APPICON_NAME = AppIcon;
				CLANG_ENABLE_MODULES = YES;
				CODE_SIGN_ENTITLEMENTS = CueCommXMobile/CueCommXMobile.entitlements;
				CURRENT_PROJECT_VERSION = 1;
				DEVELOPMENT_TEAM = 5CD7VZ5QK5;
				ENABLE_BITCODE = NO;
				GCC_PREPROCESSOR_DEFINITIONS = (
					"$(inherited)",
					"FB_SONARKIT_ENABLED=1",
				);
				INFOPLIST_FILE = CueCommXMobile/Info.plist;
				IPHONEOS_DEPLOYMENT_TARGET = 15.1;
				LD_RUNPATH_SEARCH_PATHS = (
					"$(inherited)",
					"@executable_path/Frameworks",
				);
				MARKETING_VERSION = 1.0;
				OTHER_LDFLAGS = (
					"$(inherited)",
					"-ObjC",
					"-lc++",
				);
				OTHER_SWIFT_FLAGS = "$(inherited) -D EXPO_CONFIGURATION_DEBUG";
				PRODUCT_BUNDLE_IDENTIFIER = com.cuecommx.mobile;
				PRODUCT_NAME = "CueCommXMobile";
				SWIFT_OBJC_BRIDGING_HEADER = "CueCommXMobile/CueCommXMobile-Bridging-Header.h";
				SWIFT_OPTIMIZATION_LEVEL = "-Onone";
				SWIFT_VERSION = 5.0;
				TARGETED_DEVICE_FAMILY = "1";
				VERSIONING_SYSTEM = "apple-generic";
			};
			name = Debug;
		};
		13B07F951A680F5B00A75B9A /* Release */ = {
			isa = XCBuildConfiguration;
			baseConfigurationReference = 27EF3C82693C99086BDCC34F /* Pods-CueCommXMobile.release.xcconfig */;
			buildSettings = {
				ASSETCATALOG_COMPILER_APPICON_NAME = AppIcon;
				CLANG_ENABLE_MODULES = YES;
				CODE_SIGN_ENTITLEMENTS = CueCommXMobile/CueCommXMobile.entitlements;
				CURRENT_PROJECT_VERSION = 1;
				DEVELOPMENT_TEAM = 5CD7VZ5QK5;
				ENABLE_BITCODE = NO;
				INFOPLIST_FILE = CueCommXMobile/Info.plist;
				IPHONEOS_DEPLOYMENT_TARGET = 15.1;
				LD_RUNPATH_SEARCH_PATHS = (
					"$(inherited)",
					"@executable_path/Frameworks",
				);
				MARKETING_VERSION = 1.0;
				OTHER_LDFLAGS = (
					"$(inherited)",
					"-ObjC",
					"-lc++",
				);
				OTHER_SWIFT_FLAGS = "$(inherited) -D EXPO_CONFIGURATION_RELEASE";
				PRODUCT_BUNDLE_IDENTIFIER = com.cuecommx.mobile;
				PRODUCT_NAME = "CueCommXMobile";
				SWIFT_OBJC_BRIDGING_HEADER = "CueCommXMobile/CueCommXMobile-Bridging-Header.h";
				SWIFT_VERSION = 5.0;
				TARGETED_DEVICE_FAMILY = "1";
				VERSIONING_SYSTEM = "apple-generic";
			};
			name = Release;
		};
		83CBBA201A601CBA00E9B192 /* Debug */ = {
			isa = XCBuildConfiguration;
			buildSettings = {
				ALWAYS_SEARCH_USER_PATHS = NO;
				CLANG_ANALYZER_LOCALIZABILITY_NONLOCALIZED = YES;
				CLANG_CXX_LANGUAGE_STANDARD = "c++20";
				CLANG_CXX_LIBRARY = "libc++";
				CLANG_ENABLE_MODULES = YES;
				CLANG_ENABLE_OBJC_ARC = YES;
				CLANG_WARN_BLOCK_CAPTURE_AUTORELEASING = YES;
				CLANG_WARN_BOOL_CONVERSION = YES;
				CLANG_WARN_COMMA = YES;
				CLANG_WARN_CONSTANT_CONVERSION = YES;
				CLANG_WARN_DEPRECATED_OBJC_IMPLEMENTATIONS = YES;
				CLANG_WARN_DIRECT_OBJC_ISA_USAGE = YES_ERROR;
				CLANG_WARN_EMPTY_BODY = YES;
				CLANG_WARN_ENUM_CONVERSION = YES;
				CLANG_WARN_INFINITE_RECURSION = YES;
				CLANG_WARN_INT_CONVERSION = YES;
				CLANG_WARN_NON_LITERAL_NULL_CONVERSION = YES;
				CLANG_WARN_OBJC_IMPLICIT_RETAIN_SELF = YES;
				CLANG_WARN_OBJC_LITERAL_CONVERSION = YES;
				CLANG_WARN_OBJC_ROOT_CLASS = YES_ERROR;
				CLANG_WARN_RANGE_LOOP_ANALYSIS = YES;
				CLANG_WARN_STRICT_PROTOTYPES = YES;
				CLANG_WARN_SUSPICIOUS_MOVE = YES;
				CLANG_WARN_UNREACHABLE_CODE = YES;
				CLANG_WARN__DUPLICATE_METHOD_MATCH = YES;
				"CODE_SIGN_IDENTITY[sdk=iphoneos*]" = "iPhone Developer";
				COPY_PHASE_STRIP = NO;
				ENABLE_BITCODE = NO;
				ENABLE_STRICT_OBJC_MSGSEND = YES;
				ENABLE_TESTABILITY = YES;
				GCC_C_LANGUAGE_STANDARD = gnu99;
				GCC_DYNAMIC_NO_PIC = NO;
				GCC_NO_COMMON_BLOCKS = YES;
				GCC_OPTIMIZATION_LEVEL = 0;
				GCC_PREPROCESSOR_DEFINITIONS = (
					"DEBUG=1",
					"$(inherited)",
				);
				GCC_SYMBOLS_PRIVATE_EXTERN = NO;
				GCC_WARN_64_TO_32_BIT_CONVERSION = YES;
				GCC_WARN_ABOUT_RETURN_TYPE = YES_ERROR;
				GCC_WARN_UNDECLARED_SELECTOR = YES;
				GCC_WARN_UNINITIALIZED_AUTOS = YES_AGGRESSIVE;
				GCC_WARN_UNUSED_FUNCTION = YES;
				GCC_WARN_UNUSED_VARIABLE = YES;
				IPHONEOS_DEPLOYMENT_TARGET = 15.1;
				LD_RUNPATH_SEARCH_PATHS = (
					/usr/lib/swift,
					"$(inherited)",
				);
				LIBRARY_SEARCH_PATHS = "$(SDKROOT)/usr/lib/swift\"$(inherited)\"";
				MTL_ENABLE_DEBUG_INFO = YES;
				ONLY_ACTIVE_ARCH = YES;
				REACT_NATIVE_PATH = "${PODS_ROOT}/../../../../node_modules/react-native";
				SDKROOT = iphoneos;
				SWIFT_ACTIVE_COMPILATION_CONDITIONS = "$(inherited) DEBUG";
				SWIFT_ENABLE_EXPLICIT_MODULES = NO;
				USE_HERMES = true;
			};
			name = Debug;
		};
		83CBBA211A601CBA00E9B192 /* Release */ = {
			isa = XCBuildConfiguration;
			buildSettings = {
				ALWAYS_SEARCH_USER_PATHS = NO;
				CLANG_ANALYZER_LOCALIZABILITY_NONLOCALIZED = YES;
				CLANG_CXX_LANGUAGE_STANDARD = "c++20";
				CLANG_CXX_LIBRARY = "libc++";
				CLANG_ENABLE_MODULES = YES;
				CLANG_ENABLE_OBJC_ARC = YES;
				CLANG_WARN_BLOCK_CAPTURE_AUTORELEASING = YES;
				CLANG_WARN_BOOL_CONVERSION = YES;
				CLANG_WARN_COMMA = YES;
				CLANG_WARN_CONSTANT_CONVERSION = YES;
				CLANG_WARN_DEPRECATED_OBJC_IMPLEMENTATIONS = YES;
				CLANG_WARN_DIRECT_OBJC_ISA_USAGE = YES_ERROR;
				CLANG_WARN_EMPTY_BODY = YES;
				CLANG_WARN_ENUM_CONVERSION = YES;
				CLANG_WARN_INFINITE_RECURSION = YES;
				CLANG_WARN_INT_CONVERSION = YES;
				CLANG_WARN_NON_LITERAL_NULL_CONVERSION = YES;
				CLANG_WARN_OBJC_IMPLICIT_RETAIN_SELF = YES;
				CLANG_WARN_OBJC_LITERAL_CONVERSION = YES;
				CLANG_WARN_OBJC_ROOT_CLASS = YES_ERROR;
				CLANG_WARN_RANGE_LOOP_ANALYSIS = YES;
				CLANG_WARN_STRICT_PROTOTYPES = YES;
				CLANG_WARN_SUSPICIOUS_MOVE = YES;
				CLANG_WARN_UNREACHABLE_CODE = YES;
				CLANG_WARN__DUPLICATE_METHOD_MATCH = YES;
				"CODE_SIGN_IDENTITY[sdk=iphoneos*]" = "iPhone Developer";
				COPY_PHASE_STRIP = YES;
				ENABLE_BITCODE = NO;
				ENABLE_NS_ASSERTIONS = NO;
				ENABLE_STRICT_OBJC_MSGSEND = YES;
				GCC_C_LANGUAGE_STANDARD = gnu99;
				GCC_NO_COMMON_BLOCKS = YES;
				GCC_WARN_64_TO_32_BIT_CONVERSION = YES;
				GCC_WARN_ABOUT_RETURN_TYPE = YES_ERROR;
				GCC_WARN_UNDECLARED_SELECTOR = YES;
				GCC_WARN_UNINITIALIZED_AUTOS = YES_AGGRESSIVE;
				GCC_WARN_UNUSED_FUNCTION = YES;
				GCC_WARN_UNUSED_VARIABLE = YES;
				IPHONEOS_DEPLOYMENT_TARGET = 15.1;
				LD_RUNPATH_SEARCH_PATHS = (
					/usr/lib/swift,
					"$(inherited)",
				);
				LIBRARY_SEARCH_PATHS = "$(SDKROOT)/usr/lib/swift\"$(inherited)\"";
				MTL_ENABLE_DEBUG_INFO = NO;
				REACT_NATIVE_PATH = "${PODS_ROOT}/../../../../node_modules/react-native";
				SDKROOT = iphoneos;
				SWIFT_ENABLE_EXPLICIT_MODULES = NO;
				USE_HERMES = true;
				VALIDATE_PRODUCT = YES;
			};
			name = Release;
		};
		7D7C7D551DE6421DB109D5D3 /* Debug */ = {
			name = Debug;
			isa = XCBuildConfiguration;
			buildSettings = {
				GCC_PREPROCESSOR_DEFINITIONS = (
					"DEBUG=1",
					"$(inherited)",
				);
				INFOPLIST_FILE = "CueCommXLiveActivity/Info.plist";
				LD_RUNPATH_SEARCH_PATHS = "$(inherited) @executable_path/Frameworks @executable_path/../../Frameworks";
				PRODUCT_NAME = "CueCommXLiveActivity";
				SKIP_INSTALL = YES;
				PRODUCT_BUNDLE_IDENTIFIER = "com.cuecommx.mobile.live-activity";
				SWIFT_VERSION = 5.9;
				TARGETED_DEVICE_FAMILY = "1";
				IPHONEOS_DEPLOYMENT_TARGET = 16.2;
				DEVELOPMENT_TEAM = "5CD7VZ5QK5";
				CODE_SIGN_STYLE = "Automatic";
			};
		};
		5A5C3C25AD594F518AD526D4 /* Release */ = {
			name = Release;
			isa = XCBuildConfiguration;
			buildSettings = {
				INFOPLIST_FILE = "CueCommXLiveActivity/Info.plist";
				LD_RUNPATH_SEARCH_PATHS = "$(inherited) @executable_path/Frameworks @executable_path/../../Frameworks";
				PRODUCT_NAME = "CueCommXLiveActivity";
				SKIP_INSTALL = YES;
				PRODUCT_BUNDLE_IDENTIFIER = "com.cuecommx.mobile.live-activity";
				SWIFT_VERSION = 5.9;
				TARGETED_DEVICE_FAMILY = "1";
				IPHONEOS_DEPLOYMENT_TARGET = 16.2;
				DEVELOPMENT_TEAM = "5CD7VZ5QK5";
				CODE_SIGN_STYLE = "Automatic";
			};
		};
/* End XCBuildConfiguration section */

/* Begin XCConfigurationList section */
		13B07F931A680F5B00A75B9A /* Build configuration list for PBXNativeTarget "CueCommXMobile" */ = {
			isa = XCConfigurationList;
			buildConfigurations = (
				13B07F941A680F5B00A75B9A /* Debug */,
				13B07F951A680F5B00A75B9A /* Release */,
			);
			defaultConfigurationIsVisible = 0;
			defaultConfigurationName = Release;
		};
		83CBB9FA1A601CBA00E9B192 /* Build configuration list for PBXProject "CueCommXMobile" */ = {
			isa = XCConfigurationList;
			buildConfigurations = (
				83CBBA201A601CBA00E9B192 /* Debug */,
				83CBBA211A601CBA00E9B192 /* Release */,
			);
			defaultConfigurationIsVisible = 0;
			defaultConfigurationName = Release;
		};
		4C51BDDA1D714AF9A6385965 /* Build configuration list for PBXNativeTarget "CueCommXLiveActivity" */ = {
			isa = XCConfigurationList;
			buildConfigurations = (
				7D7C7D551DE6421DB109D5D3 /* Debug */,
				5A5C3C25AD594F518AD526D4 /* Release */,
			);
			defaultConfigurationIsVisible = 0;
			defaultConfigurationName = Release;
		};
/* End XCConfigurationList section */

/* Begin PBXCopyFilesBuildPhase section */
		D22E61647F2D403AA3C949AB /* Copy Files */ = {
			isa = PBXCopyFilesBuildPhase;
			buildActionMask = 2147483647;
			files = (
				9CE2E24524A64A2BADE12D25 /* CueCommXLiveActivity.appex in Copy Files */,
			);
			runOnlyForDeploymentPostprocessing = 0;
			name = "Copy Files";
			dstPath = "";
			dstSubfolderSpec = 13;
		};
/* End PBXCopyFilesBuildPhase section */
	};
	rootObject = 83CBB9F71A601CBA00E9B192 /* Project object */;
}
